<?xml version="1.0" encoding="utf-8"?>
<Project ToolsVersion="4.0" xmlns="http://schemas.microsoft.com/developer/msbuild/2003">
  <ItemGroup>
    <Filter Include="Source Files">
      <UniqueIdentifier>{4FC737F1-C7A5-4376-A066-2A32D752A2FF}</UniqueIdentifier>
      <Extensions>cpp;c;cc;cxx;c++;cppm;ixx;def;odl;idl;hpj;bat;asm;asmx</Extensions>
    </Filter>
    <Filter Include="Header Files">
      <UniqueIdentifier>{93995380-89BD-4b04-88EB-625FBE52EBFB}</UniqueIdentifier>
      <Extensions>h;hh;hpp;hxx;h++;hm;inl;inc;ipp;xsd</Extensions>
    </Filter>
  </ItemGroup>
  <ItemGroup>
    <ClInclude Include="IXBench.h">
      <Filter>Header Files</Filter>
    </ClInclude>
    <ClInclude Include="IXCancellationRequest.h">
      <Filter>Header Files</Filter>
    </ClInclude>
    <ClInclude Include="IXConnectionState.h">
      <Filter>Header Files</Filter>
    </ClInclude>
    <ClInclude Include="IXDNSLookup.h">
      <Filter>Header Files</Filter>
    </ClInclude>
    <ClInclude Include="IXExponentialBackoff.h">
      <Filter>Header Files</Filter>
    </ClInclude>
    <ClInclude Include="IXGetFreePort.h">
      <Filter>Header Files</Filter>
    </ClInclude>
    <ClInclude Include="IXGzipCodec.h">
      <Filter>Header Files</Filter>
    </ClInclude>
    <ClInclude Include="IXHttp.h">
      <Filter>Header Files</Filter>
    </ClInclude>
    <ClInclude Include="IXHttpClient.h">
      <Filter>Header Files</Filter>
    </ClInclude>
    <ClInclude Include="IXHttpServer.h">
      <Filter>Header Files</Filter>
    </ClInclude>
    <ClInclude Include="IXProgressCallback.h">
      <Filter>Header Files</Filter>
    </ClInclude>
    <ClInclude Include="IXNetSystem.h">
      <Filter>Header Files</Filter>
    </ClInclude>
    <ClInclude Include="IXSelectInterrupt.h">
      <Filter>Header Files</Filter>
    </ClInclude>
    <ClInclude Include="IXSelectInterruptFactory.h">
      <Filter>Header Files</Filter>
    </ClInclude>
    <ClInclude Include="IXSelectInterruptPipe.h">
      <Filter>Header Files</Filter>
    </ClInclude>
    <ClInclude Include="IXSetThreadName.h">
      <Filter>Header Files</Filter>
    </ClInclude>
    <ClInclude Include="IXSocket.h">
      <Filter>Header Files</Filter>
    </ClInclude>
    <ClInclude Include="IXSocketAppleSSL.h">
      <Filter>Header Files</Filter>
    </ClInclude>
    <ClInclude Include="IXSocketConnect.h">
      <Filter>Header Files</Filter>
    </ClInclude>
    <ClInclude Include="IXSocketFactory.h">
      <Filter>Header Files</Filter>
    </ClInclude>
    <ClInclude Include="IXSocketMbedTLS.h">
      <Filter>Header Files</Filter>
    </ClInclude>
    <ClInclude Include="IXSocketOpenSSL.h">
      <Filter>Header Files</Filter>
    </ClInclude>
    <ClInclude Include="IXWebSocketVersion.h">
      <Filter>Header Files</Filter>
    </ClInclude>
    <ClInclude Include="IXWebSocketTransport.h">
      <Filter>Header Files</Filter>
    </ClInclude>
    <ClInclude Include="IXWebSocketServer.h">
      <Filter>Header Files</Filter>
    </ClInclude>
    <ClInclude Include="IXWebSocketProxyServer.h">
      <Filter>Header Files</Filter>
    </ClInclude>
    <ClInclude Include="IXWebSocketSendInfo.h">
      <Filter>Header Files</Filter>
    </ClInclude>
    <ClInclude Include="IXWebSocketPerMessageDeflateOptions.h">
      <Filter>Header Files</Filter>
    </ClInclude>
    <ClInclude Include="IXWebSocketPerMessageDeflateCodec.h">
      <Filter>Header Files</Filter>
    </ClInclude>
    <ClInclude Include="IXWebSocketPerMessageDeflate.h">
      <Filter>Header Files</Filter>
    </ClInclude>
    <ClInclude Include="IXWebSocketOpenInfo.h">
      <Filter>Header Files</Filter>
    </ClInclude>
    <ClInclude Include="IXWebSocketMessageType.h">
      <Filter>Header Files</Filter>
    </ClInclude>
    <ClInclude Include="IXWebSocketMessage.h">
      <Filter>Header Files</Filter>
    </ClInclude>
    <ClInclude Include="IXWebSocketInitResult.h">
      <Filter>Header Files</Filter>
    </ClInclude>
    <ClInclude Include="IXWebSocketHttpHeaders.h">
      <Filter>Header Files</Filter>
    </ClInclude>
    <ClInclude Include="IXWebSocketHandshakeKeyGen.h">
      <Filter>Header Files</Filter>
    </ClInclude>
    <ClInclude Include="IXWebSocketHandshake.h">
      <Filter>Header Files</Filter>
    </ClInclude>
    <ClInclude Include="IXWebSocketErrorInfo.h">
      <Filter>Header Files</Filter>
    </ClInclude>
    <ClInclude Include="IXWebSocketCloseInfo.h">
      <Filter>Header Files</Filter>
    </ClInclude>
    <ClInclude Include="IXWebSocketCloseConstants.h">
      <Filter>Header Files</Filter>
    </ClInclude>
    <ClInclude Include="IXWebSocket.h">
      <Filter>Header Files</Filter>
    </ClInclude>
    <ClInclude Include="IXUuid.h">
      <Filter>Header Files</Filter>
    </ClInclude>
    <ClInclude Include="IXUtf8Validator.h">
      <Filter>Header Files</Filter>
    </ClInclude>
    <ClInclude Include="IXUserAgent.h">
      <Filter>Header Files</Filter>
    </ClInclude>
    <ClInclude Include="IXUrlParser.h">
      <Filter>Header Files</Filter>
    </ClInclude>
    <ClInclude Include="IXUniquePtr.h">
      <Filter>Header Files</Filter>
    </ClInclude>
    <ClInclude Include="IXUdpSocket.h">
      <Filter>Header Files</Filter>
    </ClInclude>
    <ClInclude Include="IXStrCaseCompare.h">
      <Filter>Header Files</Filter>
    </ClInclude>
    <ClInclude Include="IXSocketTLSOptions.h">
      <Filter>Header Files</Filter>
    </ClInclude>
    <ClInclude Include="IXSocketServer.h">
      <Filter>Header Files</Filter>
    </ClInclude>
  </ItemGroup>
  <ItemGroup>
    <ClCompile Include="IXBench.cpp">
      <Filter>Source Files</Filter>
    </ClCompile>
    <ClCompile Include="IXCancellationRequest.cpp">
      <Filter>Source Files</Filter>
    </ClCompile>
    <ClCompile Include="IXConnectionState.cpp">
      <Filter>Source Files</Filter>
    </ClCompile>
    <ClCompile Include="IXDNSLookup.cpp">
      <Filter>Source Files</Filter>
    </ClCompile>
    <ClCompile Include="IXExponentialBackoff.cpp">
      <Filter>Source Files</Filter>
    </ClCompile>
    <ClCompile Include="IXGetFreePort.cpp">
      <Filter>Source Files</Filter>
    </ClCompile>
    <ClCompile Include="IXGzipCodec.cpp">
      <Filter>Source Files</Filter>
    </ClCompile>
    <ClCompile Include="IXHttp.cpp">
      <Filter>Source Files</Filter>
    </ClCompile>
    <ClCompile Include="IXHttpClient.cpp">
      <Filter>Source Files</Filter>
    </ClCompile>
    <ClCompile Include="IXHttpServer.cpp">
      <Filter>Source Files</Filter>
    </ClCompile>
    <ClCompile Include="IXNetSystem.cpp">
      <Filter>Source Files</Filter>
    </ClCompile>
    <ClCompile Include="IXSelectInterrupt.cpp">
      <Filter>Source Files</Filter>
    </ClCompile>
    <ClCompile Include="IXSelectInterruptFactory.cpp">
      <Filter>Source Files</Filter>
    </ClCompile>
    <ClCompile Include="IXSelectInterruptPipe.cpp">
      <Filter>Source Files</Filter>
    </ClCompile>
    <ClCompile Include="IXSetThreadName.cpp">
      <Filter>Source Files</Filter>
    </ClCompile>
    <ClCompile Include="IXSocket.cpp">
      <Filter>Source Files</Filter>
    </ClCompile>
    <ClCompile Include="IXSocketAppleSSL.cpp">
      <Filter>Source Files</Filter>
    </ClCompile>
    <ClCompile Include="IXSocketConnect.cpp">
      <Filter>Source Files</Filter>
    </ClCompile>
    <ClCompile Include="IXSocketFactory.cpp">
      <Filter>Source Files</Filter>
    </ClCompile>
    <ClCompile Include="IXSocketMbedTLS.cpp">
      <Filter>Source Files</Filter>
    </ClCompile>
    <ClCompile Include="IXSocketOpenSSL.cpp">
      <Filter>Source Files</Filter>
    </ClCompile>
    <ClCompile Include="IXSocketServer.cpp">
      <Filter>Source Files</Filter>
    </ClCompile>
    <ClCompile Include="IXSocketTLSOptions.cpp">
      <Filter>Source Files</Filter>
    </ClCompile>
    <ClCompile Include="IXStrCaseCompare.cpp">
      <Filter>Source Files</Filter>
    </ClCompile>
    <ClCompile Include="IXUdpSocket.cpp">
      <Filter>Source Files</Filter>
    </ClCompile>
    <ClCompile Include="IXUrlParser.cpp">
      <Filter>Source Files</Filter>
    </ClCompile>
    <ClCompile Include="IXUserAgent.cpp">
      <Filter>Source Files</Filter>
    </ClCompile>
    <ClCompile Include="IXUuid.cpp">
      <Filter>Source Files</Filter>
    </ClCompile>
    <ClCompile Include="IXWebSocket.cpp">
      <Filter>Source Files</Filter>
    </ClCompile>
    <ClCompile Include="IXWebSocketCloseConstants.cpp">
      <Filter>Source Files</Filter>
    </ClCompile>
    <ClCompile Include="IXWebSocketHandshake.cpp">
      <Filter>Source Files</Filter>
    </ClCompile>
    <ClCompile Include="IXWebSocketHttpHeaders.cpp">
      <Filter>Source Files</Filter>
    </ClCompile>
    <ClCompile Include="IXWebSocketPerMessageDeflate.cpp">
      <Filter>Source Files</Filter>
    </ClCompile>
    <ClCompile Include="IXWebSocketPerMessageDeflateCodec.cpp">
      <Filter>Source Files</Filter>
    </ClCompile>
    <ClCompile Include="IXWebSocketPerMessageDeflateOptions.cpp">
      <Filter>Source Files</Filter>
    </ClCompile>
    <ClCompile Include="IXWebSocketProxyServer.cpp">
      <Filter>Source Files</Filter>
    </ClCompile>
    <ClCompile Include="IXWebSocketServer.cpp">
      <Filter>Source Files</Filter>
    </ClCompile>
    <ClCompile Include="IXWebSocketTransport.cpp">
      <Filter>Source Files</Filter>
    </ClCompile>
  </ItemGroup>
</Project>